
Microsoft Visual Studio Solution File, Format Version 12.00
# Visual Studio Version 17
VisualStudioVersion = 17.1.32328.378
MinimumVisualStudioVersion = 10.0.40219.1
Project("{9A19103F-16F7-4668-BE54-9A1E7A4F7556}") = "HostedServices", "HostedServices\HostedServices.csproj", "{0B9B8C39-5D79-4744-AAAE-E570A17EF76E}"
EndProject
Project("{2150E333-8FDC-42A3-9474-1A3956D46DE8}") = "RabbitMq", "RabbitMq", "{EA309909-D358-429A-AA37-71F1F1F562CB}"
EndProject
Project("{9A19103F-16F7-4668-BE54-9A1E7A4F7556}") = "EasyNetQTools", "EasyNetQTools\EasyNetQTools.csproj", "{BB1FA07F-80A0-4EDE-9388-B794D9DED086}"
EndProject
Project("{2150E333-8FDC-42A3-9474-1A3956D46DE8}") = "Services", "Services", "{C75CF283-152C-4F23-8D04-7ACA48041317}"
EndProject
Project("{9A19103F-16F7-4668-BE54-9A1E7A4F7556}") = "BruteForceSpaService", "BruteForceSpaService\BruteForceSpaService.csproj", "{BA241EB1-AF5F-404C-ABF3-CCB634D2F1EA}"
EndProject
Project("{9A19103F-16F7-4668-BE54-9A1E7A4F7556}") = "ClientApp", "ClientApp\ClientApp.csproj", "{12695BD8-A341-4A05-B934-F09C9C4F22A2}"
EndProject
Project("{9A19103F-16F7-4668-BE54-9A1E7A4F7556}") = "Graphs", "..\ShortestPathAlgorithms\Graphs\Graphs.csproj", "{F9FBB7CF-4782-4B64-9212-44B8090F90BB}"
EndProject
Project("{2150E333-8FDC-42A3-9474-1A3956D46DE8}") = "SharedProjects", "SharedProjects", "{E12F61AF-70EB-42AD-AE0C-BAC773BCB930}"
EndProject
Project("{9A19103F-16F7-4668-BE54-9A1E7A4F7556}") = "ShortestPathAlgorithms", "..\ShortestPathAlgorithms\ShortestPathAlgorithms\ShortestPathAlgorithms.csproj", "{61076A60-7716-496D-AFBB-B844428D65F1}"
EndProject
Global
	GlobalSection(SolutionConfigurationPlatforms) = preSolution
		Debug|Any CPU = Debug|Any CPU
		Release|Any CPU = Release|Any CPU
	EndGlobalSection
	GlobalSection(ProjectConfigurationPlatforms) = postSolution
		{0B9B8C39-5D79-4744-AAAE-E570A17EF76E}.Debug|Any CPU.ActiveCfg = Debug|Any CPU
		{0B9B8C39-5D79-4744-AAAE-E570A17EF76E}.Debug|Any CPU.Build.0 = Debug|Any CPU
		{0B9B8C39-5D79-4744-AAAE-E570A17EF76E}.Release|Any CPU.ActiveCfg = Release|Any CPU
		{0B9B8C39-5D79-4744-AAAE-E570A17EF76E}.Release|Any CPU.Build.0 = Release|Any CPU
		{BB1FA07F-80A0-4EDE-9388-B794D9DED086}.Debug|Any CPU.ActiveCfg = Debug|Any CPU
		{BB1FA07F-80A0-4EDE-9388-B794D9DED086}.Debug|Any CPU.Build.0 = Debug|Any CPU
		{BB1FA07F-80A0-4EDE-9388-B794D9DED086}.Release|Any CPU.ActiveCfg = Release|Any CPU
		{BB1FA07F-80A0-4EDE-9388-B794D9DED086}.Release|Any CPU.Build.0 = Release|Any CPU
		{BA241EB1-AF5F-404C-ABF3-CCB634D2F1EA}.Debug|Any CPU.ActiveCfg = Debug|Any CPU
		{BA241EB1-AF5F-404C-ABF3-CCB634D2F1EA}.Debug|Any CPU.Build.0 = Debug|Any CPU
		{BA241EB1-AF5F-404C-ABF3-CCB634D2F1EA}.Release|Any CPU.ActiveCfg = Release|Any CPU
		{BA241EB1-AF5F-404C-ABF3-CCB634D2F1EA}.Release|Any CPU.Build.0 = Release|Any CPU
		{12695BD8-A341-4A05-B934-F09C9C4F22A2}.Debug|Any CPU.ActiveCfg = Debug|Any CPU
		{12695BD8-A341-4A05-B934-F09C9C4F22A2}.Debug|Any CPU.Build.0 = Debug|Any CPU
		{12695BD8-A341-4A05-B934-F09C9C4F22A2}.Release|Any CPU.ActiveCfg = Release|Any CPU
		{12695BD8-A341-4A05-B934-F09C9C4F22A2}.Release|Any CPU.Build.0 = Release|Any CPU
		{F9FBB7CF-4782-4B64-9212-44B8090F90BB}.Debug|Any CPU.ActiveCfg = Debug|Any CPU
		{F9FBB7CF-4782-4B64-9212-44B8090F90BB}.Debug|Any CPU.Build.0 = Debug|Any CPU
		{F9FBB7CF-4782-4B64-9212-44B8090F90BB}.Release|Any CPU.ActiveCfg = Release|Any CPU
		{F9FBB7CF-4782-4B64-9212-44B8090F90BB}.Release|Any CPU.Build.0 = Release|Any CPU
		{61076A60-7716-496D-AFBB-B844428D65F1}.Debug|Any CPU.ActiveCfg = Debug|Any CPU
		{61076A60-7716-496D-AFBB-B844428D65F1}.Debug|Any CPU.Build.0 = Debug|Any CPU
		{61076A60-7716-496D-AFBB-B844428D65F1}.Release|Any CPU.ActiveCfg = Release|Any CPU
		{61076A60-7716-496D-AFBB-B844428D65F1}.Release|Any CPU.Build.0 = Release|Any CPU
	EndGlobalSection
	GlobalSection(SolutionProperties) = preSolution
		HideSolutionNode = FALSE
	EndGlobalSection
	GlobalSection(NestedProjects) = preSolution
		{BB1FA07F-80A0-4EDE-9388-B794D9DED086} = {EA309909-D358-429A-AA37-71F1F1F562CB}
		{BA241EB1-AF5F-404C-ABF3-CCB634D2F1EA} = {C75CF283-152C-4F23-8D04-7ACA48041317}
		{F9FBB7CF-4782-4B64-9212-44B8090F90BB} = {E12F61AF-70EB-42AD-AE0C-BAC773BCB930}
		{61076A60-7716-496D-AFBB-B844428D65F1} = {E12F61AF-70EB-42AD-AE0C-BAC773BCB930}
	EndGlobalSection
	GlobalSection(ExtensibilityGlobals) = postSolution
		SolutionGuid = {96AD0227-09CF-42E1-9B13-5BC690BF053D}
	EndGlobalSection
EndGlobal
